
Microsoft Visual Studio Solution File, Format Version 12.00
# Visual Studio Version 17
VisualStudioVersion = 17.14.37314.3 d17.14
MinimumVisualStudioVersion = 10.0.40219.1
Project("{FAE04EC0-301F-11D3-BF4B-00C04F79EFBC}") = "EquipmentChecklist.Mobile", "EquipmentChecklist.Mobile.csproj", "{9AA367B2-AB5A-A7B0-6278-BA3E7E52D714}"
EndProject
Project("{FAE04EC0-301F-11D3-BF4B-00C04F79EFBC}") = "EquipmentChecklist.Shared", "..\EquipmentChecklist.Shared\EquipmentChecklist.Shared.csproj", "{A7C8E1F2-3D4B-4E55-9061-1B2C3D4E5F60}"
EndProject
Global
	GlobalSection(SolutionConfigurationPlatforms) = preSolution
		Debug|Any CPU = Debug|Any CPU
		Release|Any CPU = Release|Any CPU
	EndGlobalSection
	GlobalSection(ProjectConfigurationPlatforms) = postSolution
		{9AA367B2-AB5A-A7B0-6278-BA3E7E52D714}.Debug|Any CPU.ActiveCfg = Debug|Any CPU
		{9AA367B2-AB5A-A7B0-6278-BA3E7E52D714}.Debug|Any CPU.Build.0 = Debug|Any CPU
		{9AA367B2-AB5A-A7B0-6278-BA3E7E52D714}.Debug|Any CPU.Deploy.0 = Debug|Any CPU
		{9AA367B2-AB5A-A7B0-6278-BA3E7E52D714}.Release|Any CPU.ActiveCfg = Release|Any CPU
		{9AA367B2-AB5A-A7B0-6278-BA3E7E52D714}.Release|Any CPU.Build.0 = Release|Any CPU
		{9AA367B2-AB5A-A7B0-6278-BA3E7E52D714}.Release|Any CPU.Deploy.0 = Release|Any CPU
		{A7C8E1F2-3D4B-4E55-9061-1B2C3D4E5F60}.Debug|Any CPU.ActiveCfg = Debug|Any CPU
		{A7C8E1F2-3D4B-4E55-9061-1B2C3D4E5F60}.Debug|Any CPU.Build.0 = Debug|Any CPU
		{A7C8E1F2-3D4B-4E55-9061-1B2C3D4E5F60}.Release|Any CPU.ActiveCfg = Release|Any CPU
		{A7C8E1F2-3D4B-4E55-9061-1B2C3D4E5F60}.Release|Any CPU.Build.0 = Release|Any CPU
	EndGlobalSection
	GlobalSection(SolutionProperties) = preSolution
		HideSolutionNode = FALSE
	EndGlobalSection
	GlobalSection(ExtensibilityGlobals) = postSolution
		SolutionGuid = {9AD52861-E175-4A9B-B156-C08859CF0022}
	EndGlobalSection
EndGlobal
